// !$*UTF8*$!
{
	archiveVersion = 1;
	classes = {
	};
	objectVersion = 56;
	objects = {

/* Begin PBXBuildFile section */
		6EA38F9DD30D1D5A94BDF0D4 /* Pods_Diary.framework in Frameworks */ = {isa = PBXBuildFile; fileRef = DEBCF9FF1A9C3708E529E6DC /* Pods_Diary.framework */; };
		C20C15EB2DFC10CE00B3E40F /* FirebaseAnalytics in Frameworks */ = {isa = PBXBuildFile; productRef = C20C15EA2DFC10CE00B3E40F /* FirebaseAnalytics */; };
		C20C15ED2DFC10CE00B3E40F /* FirebaseAnalyticsOnDeviceConversion in Frameworks */ = {isa = PBXBuildFile; productRef = C20C15EC2DFC10CE00B3E40F /* FirebaseAnalyticsOnDeviceConversion */; };
		C20C15EF2DFC10CE00B3E40F /* FirebaseAnalyticsSwift in Frameworks */ = {isa = PBXBuildFile; productRef = C20C15EE2DFC10CE00B3E40F /* FirebaseAnalyticsSwift */; };
		C20C15F12DFC10CE00B3E40F /* FirebaseAnalyticsWithoutAdIdSupport in Frameworks */ = {isa = PBXBuildFile; productRef = C20C15F02DFC10CE00B3E40F /* FirebaseAnalyticsWithoutAdIdSupport */; };
		C20C15F32DFC10CE00B3E40F /* FirebaseAppCheck in Frameworks */ = {isa = PBXBuildFile; productRef = C20C15F22DFC10CE00B3E40F /* FirebaseAppCheck */; };
		C20C15F52DFC115900B3E40F /* FirebaseAuth in Frameworks */ = {isa = PBXBuildFile; productRef = C20C15F42DFC115900B3E40F /* FirebaseAuth */; };
		C20C15F72DFC115900B3E40F /* FirebaseDatabase in Frameworks */ = {isa = PBXBuildFile; productRef = C20C15F62DFC115900B3E40F /* FirebaseDatabase */; };
		C20C15F92DFC115900B3E40F /* FirebaseFirestore in Frameworks */ = {isa = PBXBuildFile; productRef = C20C15F82DFC115900B3E40F /* FirebaseFirestore */; };
		C20C15FB2DFC115900B3E40F /* FirebaseStorage in Frameworks */ = {isa = PBXBuildFile; productRef = C20C15FA2DFC115900B3E40F /* FirebaseStorage */; };
		C20C15FE2DFC173B00B3E40F /* UserData.swift in Sources */ = {isa = PBXBuildFile; fileRef = C20C15FD2DFC173B00B3E40F /* UserData.swift */; };
		C20C16002DFC260A00B3E40F /* AuthViewModel.swift in Sources */ = {isa = PBXBuildFile; fileRef = C20C15FF2DFC260A00B3E40F /* AuthViewModel.swift */; };
		C20C16052DFC356100B3E40F /* GeneralTaskViewController.swift in Sources */ = {isa = PBXBuildFile; fileRef = C20C16042DFC356100B3E40F /* GeneralTaskViewController.swift */; };
		C22191232E002A4600A73A11 /* SettingViewController.swift in Sources */ = {isa = PBXBuildFile; fileRef = C22191222E002A4600A73A11 /* SettingViewController.swift */; };
		C22191262E002A5800A73A11 /* SettingView.swift in Sources */ = {isa = PBXBuildFile; fileRef = C22191252E002A5800A73A11 /* SettingView.swift */; };
		C22191292E00566800A73A11 /* SettingViewModel.swift in Sources */ = {isa = PBXBuildFile; fileRef = C22191282E00566800A73A11 /* SettingViewModel.swift */; };
		C235FE9E2DF1D4A300C73A5E /* AuthViewController.swift in Sources */ = {isa = PBXBuildFile; fileRef = C235FE9D2DF1D4A300C73A5E /* AuthViewController.swift */; };
		C235FEA22DF1D4F700C73A5E /* AuthView.swift in Sources */ = {isa = PBXBuildFile; fileRef = C235FEA12DF1D4F700C73A5E /* AuthView.swift */; };
		C235FEA52DF1E18E00C73A5E /* WindowCase.swift in Sources */ = {isa = PBXBuildFile; fileRef = C235FEA42DF1E18E00C73A5E /* WindowCase.swift */; };
		C253912C2DFADC60002FA941 /* GoogleService-Info.plist in Resources */ = {isa = PBXBuildFile; fileRef = C253912B2DFADC60002FA941 /* GoogleService-Info.plist */; };
		C2970A332E01BCEF0083D8EB /* ErrorAuth.swift in Sources */ = {isa = PBXBuildFile; fileRef = C2970A322E01BCEF0083D8EB /* ErrorAuth.swift */; };
		C2B8ECAF2DF2F6A400DB6444 /* MyTaskViewController.swift in Sources */ = {isa = PBXBuildFile; fileRef = C2B8ECAE2DF2F6A400DB6444 /* MyTaskViewController.swift */; };
		C2B8ECB22DF2F73600DB6444 /* TabBarViewController.swift in Sources */ = {isa = PBXBuildFile; fileRef = C2B8ECB12DF2F73600DB6444 /* TabBarViewController.swift */; };
		C2B8ECB52DF2FD6000DB6444 /* AuthService.swift in Sources */ = {isa = PBXBuildFile; fileRef = C2B8ECB42DF2FD6000DB6444 /* AuthService.swift */; };
		C2C746782DE99A3700A73D17 /* AppDelegate.swift in Sources */ = {isa = PBXBuildFile; fileRef = C2C746772DE99A3700A73D17 /* AppDelegate.swift */; };
		C2C7467A2DE99A3700A73D17 /* SceneDelegate.swift in Sources */ = {isa = PBXBuildFile; fileRef = C2C746792DE99A3700A73D17 /* SceneDelegate.swift */; };
		C2C7467C2DE99A3700A73D17 /* ViewController.swift in Sources */ = {isa = PBXBuildFile; fileRef = C2C7467B2DE99A3700A73D17 /* ViewController.swift */; };
		C2C746812DE99A3A00A73D17 /* Assets.xcassets in Resources */ = {isa = PBXBuildFile; fileRef = C2C746802DE99A3A00A73D17 /* Assets.xcassets */; };
		C2C746842DE99A3A00A73D17 /* LaunchScreen.storyboard in Resources */ = {isa = PBXBuildFile; fileRef = C2C746822DE99A3A00A73D17 /* LaunchScreen.storyboard */; };
		C2C746902DE9A01700A73D17 /* RegistrView.swift in Sources */ = {isa = PBXBuildFile; fileRef = C2C7468F2DE9A01700A73D17 /* RegistrView.swift */; };
		C2C746922DE9A02800A73D17 /* RegistrViewController.swift in Sources */ = {isa = PBXBuildFile; fileRef = C2C746912DE9A02800A73D17 /* RegistrViewController.swift */; };
		C2C746982DE9A69A00A73D17 /* 03_NTSomic-Bold.ttf in Resources */ = {isa = PBXBuildFile; fileRef = C2C746942DE9A69A00A73D17 /* 03_NTSomic-Bold.ttf */; };
		C2C746992DE9A69A00A73D17 /* 01_NTSomic-Regular.ttf in Resources */ = {isa = PBXBuildFile; fileRef = C2C746952DE9A69A00A73D17 /* 01_NTSomic-Regular.ttf */; };
		C2C7469A2DE9A69A00A73D17 /* 02_NTSomic-Medium.ttf in Resources */ = {isa = PBXBuildFile; fileRef = C2C746962DE9A69A00A73D17 /* 02_NTSomic-Medium.ttf */; };
		C2C7469B2DE9A69A00A73D17 /* NT Somic-VF.ttf in Resources */ = {isa = PBXBuildFile; fileRef = C2C746972DE9A69A00A73D17 /* NT Somic-VF.ttf */; };
		C2C7469D2DEA055E00A73D17 /* RegistrViewModel.swift in Sources */ = {isa = PBXBuildFile; fileRef = C2C7469C2DEA055E00A73D17 /* RegistrViewModel.swift */; };
		C2FA12152E0306D9001F0709 /* PasswordMatch.swift in Sources */ = {isa = PBXBuildFile; fileRef = C2FA12142E0306D9001F0709 /* PasswordMatch.swift */; };
/* End PBXBuildFile section */

/* Begin PBXFileReference section */
		1991FA387A7E0B583221A2AD /* Pods-Diary.debug.xcconfig */ = {isa = PBXFileReference; includeInIndex = 1; lastKnownFileType = text.xcconfig; name = "Pods-Diary.debug.xcconfig"; path = "Target Support Files/Pods-Diary/Pods-Diary.debug.xcconfig"; sourceTree = "<group>"; };
		502639E6109A62E712C87424 /* Pods-Diary.release.xcconfig */ = {isa = PBXFileReference; includeInIndex = 1; lastKnownFileType = text.xcconfig; name = "Pods-Diary.release.xcconfig"; path = "Target Support Files/Pods-Diary/Pods-Diary.release.xcconfig"; sourceTree = "<group>"; };
		C20C15FD2DFC173B00B3E40F /* UserData.swift */ = {isa = PBXFileReference; lastKnownFileType = sourcecode.swift; path = UserData.swift; sourceTree = "<group>"; };
		C20C15FF2DFC260A00B3E40F /* AuthViewModel.swift */ = {isa = PBXFileReference; lastKnownFileType = sourcecode.swift; path = AuthViewModel.swift; sourceTree = "<group>"; };
		C20C16042DFC356100B3E40F /* GeneralTaskViewController.swift */ = {isa = PBXFileReference; lastKnownFileType = sourcecode.swift; path = GeneralTaskViewController.swift; sourceTree = "<group>"; };
		C22191222E002A4600A73A11 /* SettingViewController.swift */ = {isa = PBXFileReference; lastKnownFileType = sourcecode.swift; path = SettingViewController.swift; sourceTree = "<group>"; };
		C22191252E002A5800A73A11 /* SettingView.swift */ = {isa = PBXFileReference; lastKnownFileType = sourcecode.swift; path = SettingView.swift; sourceTree = "<group>"; };
		C22191282E00566800A73A11 /* SettingViewModel.swift */ = {isa = PBXFileReference; lastKnownFileType = sourcecode.swift; path = SettingViewModel.swift; sourceTree = "<group>"; };
		C235FE9D2DF1D4A300C73A5E /* AuthViewController.swift */ = {isa = PBXFileReference; lastKnownFileType = sourcecode.swift; path = AuthViewController.swift; sourceTree = "<group>"; };
		C235FEA12DF1D4F700C73A5E /* AuthView.swift */ = {isa = PBXFileReference; lastKnownFileType = sourcecode.swift; path = AuthView.swift; sourceTree = "<group>"; };
		C235FEA42DF1E18E00C73A5E /* WindowCase.swift */ = {isa = PBXFileReference; lastKnownFileType = sourcecode.swift; path = WindowCase.swift; sourceTree = "<group>"; };
		C253912B2DFADC60002FA941 /* GoogleService-Info.plist */ = {isa = PBXFileReference; fileEncoding = 4; lastKnownFileType = text.plist.xml; name = "GoogleService-Info.plist"; path = "../../../GoogleService-Info.plist"; sourceTree = "<group>"; };
		C2970A322E01BCEF0083D8EB /* ErrorAuth.swift */ = {isa = PBXFileReference; lastKnownFileType = sourcecode.swift; path = ErrorAuth.swift; sourceTree = "<group>"; };
		C2B8ECAE2DF2F6A400DB6444 /* MyTaskViewController.swift */ = {isa = PBXFileReference; lastKnownFileType = sourcecode.swift; path = MyTaskViewController.swift; sourceTree = "<group>"; };
		C2B8ECB12DF2F73600DB6444 /* TabBarViewController.swift */ = {isa = PBXFileReference; lastKnownFileType = sourcecode.swift; path = TabBarViewController.swift; sourceTree = "<group>"; };
		C2B8ECB42DF2FD6000DB6444 /* AuthService.swift */ = {isa = PBXFileReference; lastKnownFileType = sourcecode.swift; path = AuthService.swift; sourceTree = "<group>"; };
		C2C746742DE99A3700A73D17 /* Diary.app */ = {isa = PBXFileReference; explicitFileType = wrapper.application; includeInIndex = 0; path = Diary.app; sourceTree = BUILT_PRODUCTS_DIR; };
		C2C746772DE99A3700A73D17 /* AppDelegate.swift */ = {isa = PBXFileReference; lastKnownFileType = sourcecode.swift; path = AppDelegate.swift; sourceTree = "<group>"; };
		C2C746792DE99A3700A73D17 /* SceneDelegate.swift */ = {isa = PBXFileReference; lastKnownFileType = sourcecode.swift; path = SceneDelegate.swift; sourceTree = "<group>"; };
		C2C7467B2DE99A3700A73D17 /* ViewController.swift */ = {isa = PBXFileReference; lastKnownFileType = sourcecode.swift; path = ViewController.swift; sourceTree = "<group>"; };
		C2C746802DE99A3A00A73D17 /* Assets.xcassets */ = {isa = PBXFileReference; lastKnownFileType = folder.assetcatalog; path = Assets.xcassets; sourceTree = "<group>"; };
		C2C746832DE99A3A00A73D17 /* Base */ = {isa = PBXFileReference; lastKnownFileType = file.storyboard; name = Base; path = Base.lproj/LaunchScreen.storyboard; sourceTree = "<group>"; };
		C2C746852DE99A3A00A73D17 /* Info.plist */ = {isa = PBXFileReference; lastKnownFileType = text.plist.xml; path = Info.plist; sourceTree = "<group>"; };
		C2C7468F2DE9A01700A73D17 /* RegistrView.swift */ = {isa = PBXFileReference; lastKnownFileType = sourcecode.swift; path = RegistrView.swift; sourceTree = "<group>"; };
		C2C746912DE9A02800A73D17 /* RegistrViewController.swift */ = {isa = PBXFileReference; lastKnownFileType = sourcecode.swift; path = RegistrViewController.swift; sourceTree = "<group>"; };
		C2C746942DE9A69A00A73D17 /* 03_NTSomic-Bold.ttf */ = {isa = PBXFileReference; lastKnownFileType = file; name = "03_NTSomic-Bold.ttf"; path = "../../../../Шрифты/NT Somic/03_NTSomic-Bold.ttf"; sourceTree = "<group>"; };
		C2C746952DE9A69A00A73D17 /* 01_NTSomic-Regular.ttf */ = {isa = PBXFileReference; lastKnownFileType = file; name = "01_NTSomic-Regular.ttf"; path = "../../../../Шрифты/NT Somic/01_NTSomic-Regular.ttf"; sourceTree = "<group>"; };
		C2C746962DE9A69A00A73D17 /* 02_NTSomic-Medium.ttf */ = {isa = PBXFileReference; lastKnownFileType = file; name = "02_NTSomic-Medium.ttf"; path = "../../../../Шрифты/NT Somic/02_NTSomic-Medium.ttf"; sourceTree = "<group>"; };
		C2C746972DE9A69A00A73D17 /* NT Somic-VF.ttf */ = {isa = PBXFileReference; lastKnownFileType = file; name = "NT Somic-VF.ttf"; path = "../../../../Шрифты/NT Somic/NT Somic-VF.ttf"; sourceTree = "<group>"; };
		C2C7469C2DEA055E00A73D17 /* RegistrViewModel.swift */ = {isa = PBXFileReference; lastKnownFileType = sourcecode.swift; path = RegistrViewModel.swift; sourceTree = "<group>"; };
		C2FA12142E0306D9001F0709 /* PasswordMatch.swift */ = {isa = PBXFileReference; lastKnownFileType = sourcecode.swift; path = PasswordMatch.swift; sourceTree = "<group>"; };
		DEBCF9FF1A9C3708E529E6DC /* Pods_Diary.framework */ = {isa = PBXFileReference; explicitFileType = wrapper.framework; includeInIndex = 0; path = Pods_Diary.framework; sourceTree = BUILT_PRODUCTS_DIR; };
/* End PBXFileReference section */

/* Begin PBXFrameworksBuildPhase section */
		C2C746712DE99A3700A73D17 /* Frameworks */ = {
			isa = PBXFrameworksBuildPhase;
			buildActionMask = 2147483647;
			files = (
				C20C15EF2DFC10CE00B3E40F /* FirebaseAnalyticsSwift in Frameworks */,
				C20C15F12DFC10CE00B3E40F /* FirebaseAnalyticsWithoutAdIdSupport in Frameworks */,
				C20C15EB2DFC10CE00B3E40F /* FirebaseAnalytics in Frameworks */,
				C20C15FB2DFC115900B3E40F /* FirebaseStorage in Frameworks */,
				C20C15ED2DFC10CE00B3E40F /* FirebaseAnalyticsOnDeviceConversion in Frameworks */,
				C20C15F32DFC10CE00B3E40F /* FirebaseAppCheck in Frameworks */,
				C20C15F92DFC115900B3E40F /* FirebaseFirestore in Frameworks */,
				C20C15F52DFC115900B3E40F /* FirebaseAuth in Frameworks */,
				C20C15F72DFC115900B3E40F /* FirebaseDatabase in Frameworks */,
				6EA38F9DD30D1D5A94BDF0D4 /* Pods_Diary.framework in Frameworks */,
			);
			runOnlyForDeploymentPostprocessing = 0;
		};
/* End PBXFrameworksBuildPhase section */

/* Begin PBXGroup section */
		1B3048E51E9DAF3EC2E05C2A /* Frameworks */ = {
			isa = PBXGroup;
			children = (
				DEBCF9FF1A9C3708E529E6DC /* Pods_Diary.framework */,
			);
			name = Frameworks;
			sourceTree = "<group>";
		};
		C20C16012DFC353400B3E40F /* GeneralTask */ = {
			isa = PBXGroup;
			children = (
				C20C16032DFC355100B3E40F /* View */,
			);
			path = GeneralTask;
			sourceTree = "<group>";
		};
		C20C16032DFC355100B3E40F /* View */ = {
			isa = PBXGroup;
			children = (
				C20C16042DFC356100B3E40F /* GeneralTaskViewController.swift */,
			);
			path = View;
			sourceTree = "<group>";
		};
		C22191212E002A2200A73A11 /* SettingViewController */ = {
			isa = PBXGroup;
			children = (
				C22191272E00565300A73A11 /* ViewModel */,
				C22191242E002A4A00A73A11 /* View */,
			);
			path = SettingViewController;
			sourceTree = "<group>";
		};
		C22191242E002A4A00A73A11 /* View */ = {
			isa = PBXGroup;
			children = (
				C22191222E002A4600A73A11 /* SettingViewController.swift */,
				C22191252E002A5800A73A11 /* SettingView.swift */,
			);
			path = View;
			sourceTree = "<group>";
		};
		C22191272E00565300A73A11 /* ViewModel */ = {
			isa = PBXGroup;
			children = (
				C22191282E00566800A73A11 /* SettingViewModel.swift */,
			);
			path = ViewModel;
			sourceTree = "<group>";
		};
		C235FE9B2DF1D48100C73A5E /* VIew */ = {
			isa = PBXGroup;
			children = (
				C235FE9D2DF1D4A300C73A5E /* AuthViewController.swift */,
				C235FEA12DF1D4F700C73A5E /* AuthView.swift */,
			);
			path = VIew;
			sourceTree = "<group>";
		};
		C235FE9C2DF1D48A00C73A5E /* VIewModel */ = {
			isa = PBXGroup;
			children = (
				C20C15FF2DFC260A00B3E40F /* AuthViewModel.swift */,
			);
			path = VIewModel;
			sourceTree = "<group>";
		};
		C235FEA32DF1E18000C73A5E /* Model */ = {
			isa = PBXGroup;
			children = (
				C20C15FD2DFC173B00B3E40F /* UserData.swift */,
				C235FEA42DF1E18E00C73A5E /* WindowCase.swift */,
				C2970A322E01BCEF0083D8EB /* ErrorAuth.swift */,
				C2FA12142E0306D9001F0709 /* PasswordMatch.swift */,
			);
			path = Model;
			sourceTree = "<group>";
		};
		C2B8ECAC2DF2F66500DB6444 /* MyTask */ = {
			isa = PBXGroup;
			children = (
				C2B8ECAD2DF2F68100DB6444 /* View */,
			);
			path = MyTask;
			sourceTree = "<group>";
		};
		C2B8ECAD2DF2F68100DB6444 /* View */ = {
			isa = PBXGroup;
			children = (
				C2B8ECAE2DF2F6A400DB6444 /* MyTaskViewController.swift */,
			);
			path = View;
			sourceTree = "<group>";
		};
		C2B8ECB02DF2F71700DB6444 /* TabBarViewController */ = {
			isa = PBXGroup;
			children = (
				C2B8ECB12DF2F73600DB6444 /* TabBarViewController.swift */,
			);
			path = TabBarViewController;
			sourceTree = "<group>";
		};
		C2B8ECB32DF2FD4F00DB6444 /* Service */ = {
			isa = PBXGroup;
			children = (
				C2B8ECB42DF2FD6000DB6444 /* AuthService.swift */,
			);
			path = Service;
			sourceTree = "<group>";
		};
		C2C7466B2DE99A3700A73D17 = {
			isa = PBXGroup;
			children = (
				C2C746762DE99A3700A73D17 /* Diary */,
				C2C746752DE99A3700A73D17 /* Products */,
				EA936FCCB5B8F82CF96EF783 /* Pods */,
				1B3048E51E9DAF3EC2E05C2A /* Frameworks */,
			);
			sourceTree = "<group>";
		};
		C2C746752DE99A3700A73D17 /* Products */ = {
			isa = PBXGroup;
			children = (
				C2C746742DE99A3700A73D17 /* Diary.app */,
			);
			name = Products;
			sourceTree = "<group>";
		};
		C2C746762DE99A3700A73D17 /* Diary */ = {
			isa = PBXGroup;
			children = (
				C2C746932DE9A68700A73D17 /* Fonts */,
				C235FEA32DF1E18000C73A5E /* Model */,
				C22191212E002A2200A73A11 /* SettingViewController */,
				C2B8ECAC2DF2F66500DB6444 /* MyTask */,
				C20C16012DFC353400B3E40F /* GeneralTask */,
				C2B8ECB32DF2FD4F00DB6444 /* Service */,
				C2B8ECB02DF2F71700DB6444 /* TabBarViewController */,
				C2C7468C2DE99FD800A73D17 /* Auth */,
				C2C7468B2DE99FD000A73D17 /* Registr */,
				C2C746772DE99A3700A73D17 /* AppDelegate.swift */,
				C2C746792DE99A3700A73D17 /* SceneDelegate.swift */,
				C2C7467B2DE99A3700A73D17 /* ViewController.swift */,
				C2C746802DE99A3A00A73D17 /* Assets.xcassets */,
				C2C746822DE99A3A00A73D17 /* LaunchScreen.storyboard */,
				C253912B2DFADC60002FA941 /* GoogleService-Info.plist */,
				C2C746852DE99A3A00A73D17 /* Info.plist */,
			);
			path = Diary;
			sourceTree = "<group>";
		};
		C2C7468B2DE99FD000A73D17 /* Registr */ = {
			isa = PBXGroup;
			children = (
				C2C7468D2DE99FED00A73D17 /* View */,
				C2C7468E2DE99FF800A73D17 /* ViewModel */,
			);
			path = Registr;
			sourceTree = "<group>";
		};
		C2C7468C2DE99FD800A73D17 /* Auth */ = {
			isa = PBXGroup;
			children = (
				C235FE9B2DF1D48100C73A5E /* VIew */,
				C235FE9C2DF1D48A00C73A5E /* VIewModel */,
			);
			path = Auth;
			sourceTree = "<group>";
		};
		C2C7468D2DE99FED00A73D17 /* View */ = {
			isa = PBXGroup;
			children = (
				C2C7468F2DE9A01700A73D17 /* RegistrView.swift */,
				C2C746912DE9A02800A73D17 /* RegistrViewController.swift */,
			);
			path = View;
			sourceTree = "<group>";
		};
		C2C7468E2DE99FF800A73D17 /* ViewModel */ = {
			isa = PBXGroup;
			children = (
				C2C7469C2DEA055E00A73D17 /* RegistrViewModel.swift */,
			);
			path = ViewModel;
			sourceTree = "<group>";
		};
		C2C746932DE9A68700A73D17 /* Fonts */ = {
			isa = PBXGroup;
			children = (
				C2C746952DE9A69A00A73D17 /* 01_NTSomic-Regular.ttf */,
				C2C746962DE9A69A00A73D17 /* 02_NTSomic-Medium.ttf */,
				C2C746942DE9A69A00A73D17 /* 03_NTSomic-Bold.ttf */,
				C2C746972DE9A69A00A73D17 /* NT Somic-VF.ttf */,
			);
			path = Fonts;
			sourceTree = "<group>";
		};
		EA936FCCB5B8F82CF96EF783 /* Pods */ = {
			isa = PBXGroup;
			children = (
				1991FA387A7E0B583221A2AD /* Pods-Diary.debug.xcconfig */,
				502639E6109A62E712C87424 /* Pods-Diary.release.xcconfig */,
			);
			path = Pods;
			sourceTree = "<group>";
		};
/* End PBXGroup section */

/* Begin PBXNativeTarget section */
		C2C746732DE99A3700A73D17 /* Diary */ = {
			isa = PBXNativeTarget;
			buildConfigurationList = C2C746882DE99A3A00A73D17 /* Build configuration list for PBXNativeTarget "Diary" */;
			buildPhases = (
				F5B4E85CA46ED25234AC2A57 /* [CP] Check Pods Manifest.lock */,
				C2C746702DE99A3700A73D17 /* Sources */,
				C2C746712DE99A3700A73D17 /* Frameworks */,
				C2C746722DE99A3700A73D17 /* Resources */,
				8F02D9F1655B75B94561E832 /* [CP] Embed Pods Frameworks */,
			);
			buildRules = (
			);
			dependencies = (
			);
			name = Diary;
			packageProductDependencies = (
				C20C15EA2DFC10CE00B3E40F /* FirebaseAnalytics */,
				C20C15EC2DFC10CE00B3E40F /* FirebaseAnalyticsOnDeviceConversion */,
				C20C15EE2DFC10CE00B3E40F /* FirebaseAnalyticsSwift */,
				C20C15F02DFC10CE00B3E40F /* FirebaseAnalyticsWithoutAdIdSupport */,
				C20C15F22DFC10CE00B3E40F /* FirebaseAppCheck */,
				C20C15F42DFC115900B3E40F /* FirebaseAuth */,
				C20C15F62DFC115900B3E40F /* FirebaseDatabase */,
				C20C15F82DFC115900B3E40F /* FirebaseFirestore */,
				C20C15FA2DFC115900B3E40F /* FirebaseStorage */,
			);
			productName = Diary;
			productReference = C2C746742DE99A3700A73D17 /* Diary.app */;
			productType = "com.apple.product-type.application";
		};
/* End PBXNativeTarget section */

/* Begin PBXProject section */
		C2C7466C2DE99A3700A73D17 /* Project object */ = {
			isa = PBXProject;
			attributes = {
				BuildIndependentTargetsInParallel = 1;
				LastSwiftUpdateCheck = 1500;
				LastUpgradeCheck = 1500;
				TargetAttributes = {
					C2C746732DE99A3700A73D17 = {
						CreatedOnToolsVersion = 15.0.1;
					};
				};
			};
			buildConfigurationList = C2C7466F2DE99A3700A73D17 /* Build configuration list for PBXProject "Diary" */;
			compatibilityVersion = "Xcode 14.0";
			developmentRegion = en;
			hasScannedForEncodings = 0;
			knownRegions = (
				en,
				Base,
			);
			mainGroup = C2C7466B2DE99A3700A73D17;
			packageReferences = (
				C20C15E92DFC10CE00B3E40F /* XCRemoteSwiftPackageReference "firebase-ios-sdk" */,
			);
			productRefGroup = C2C746752DE99A3700A73D17 /* Products */;
			projectDirPath = "";
			projectRoot = "";
			targets = (
				C2C746732DE99A3700A73D17 /* Diary */,
			);
		};
/* End PBXProject section */

/* Begin PBXResourcesBuildPhase section */
		C2C746722DE99A3700A73D17 /* Resources */ = {
			isa = PBXResourcesBuildPhase;
			buildActionMask = 2147483647;
			files = (
				C2C746842DE99A3A00A73D17 /* LaunchScreen.storyboard in Resources */,
				C2C746812DE99A3A00A73D17 /* Assets.xcassets in Resources */,
				C2C746992DE9A69A00A73D17 /* 01_NTSomic-Regular.ttf in Resources */,
				C2C7469B2DE9A69A00A73D17 /* NT Somic-VF.ttf in Resources */,
				C2C746982DE9A69A00A73D17 /* 03_NTSomic-Bold.ttf in Resources */,
				C2C7469A2DE9A69A00A73D17 /* 02_NTSomic-Medium.ttf in Resources */,
				C253912C2DFADC60002FA941 /* GoogleService-Info.plist in Resources */,
			);
			runOnlyForDeploymentPostprocessing = 0;
		};
/* End PBXResourcesBuildPhase section */

/* Begin PBXShellScriptBuildPhase section */
		8F02D9F1655B75B94561E832 /* [CP] Embed Pods Frameworks */ = {
			isa = PBXShellScriptBuildPhase;
			buildActionMask = 2147483647;
			files = (
			);
			inputFileListPaths = (
				"${PODS_ROOT}/Target Support Files/Pods-Diary/Pods-Diary-frameworks-${CONFIGURATION}-input-files.xcfilelist",
			);
			name = "[CP] Embed Pods Frameworks";
			outputFileListPaths = (
				"${PODS_ROOT}/Target Support Files/Pods-Diary/Pods-Diary-frameworks-${CONFIGURATION}-output-files.xcfilelist",
			);
			runOnlyForDeploymentPostprocessing = 0;
			shellPath = /bin/sh;
			shellScript = "\"${PODS_ROOT}/Target Support Files/Pods-Diary/Pods-Diary-frameworks.sh\"\n";
			showEnvVarsInLog = 0;
		};
		F5B4E85CA46ED25234AC2A57 /* [CP] Check Pods Manifest.lock */ = {
			isa = PBXShellScriptBuildPhase;
			buildActionMask = 2147483647;
			files = (
			);
			inputFileListPaths = (
			);
			inputPaths = (
				"${PODS_PODFILE_DIR_PATH}/Podfile.lock",
				"${PODS_ROOT}/Manifest.lock",
			);
			name = "[CP] Check Pods Manifest.lock";
			outputFileListPaths = (
			);
			outputPaths = (
				"$(DERIVED_FILE_DIR)/Pods-Diary-checkManifestLockResult.txt",
			);
			runOnlyForDeploymentPostprocessing = 0;
			shellPath = /bin/sh;
			shellScript = "diff \"${PODS_PODFILE_DIR_PATH}/Podfile.lock\" \"${PODS_ROOT}/Manifest.lock\" > /dev/null\nif [ $? != 0 ] ; then\n    # print error to STDERR\n    echo \"error: The sandbox is not in sync with the Podfile.lock. Run 'pod install' or update your CocoaPods installation.\" >&2\n    exit 1\nfi\n# This output is used by Xcode 'outputs' to avoid re-running this script phase.\necho \"SUCCESS\" > \"${SCRIPT_OUTPUT_FILE_0}\"\n";
			showEnvVarsInLog = 0;
		};
/* End PBXShellScriptBuildPhase section */

/* Begin PBXSourcesBuildPhase section */
		C2C746702DE99A3700A73D17 /* Sources */ = {
			isa = PBXSourcesBuildPhase;
			buildActionMask = 2147483647;
			files = (
				C20C15FE2DFC173B00B3E40F /* UserData.swift in Sources */,
				C2C746922DE9A02800A73D17 /* RegistrViewController.swift in Sources */,
				C2C7469D2DEA055E00A73D17 /* RegistrViewModel.swift in Sources */,
				C22191232E002A4600A73A11 /* SettingViewController.swift in Sources */,
				C2B8ECB22DF2F73600DB6444 /* TabBarViewController.swift in Sources */,
				C2970A332E01BCEF0083D8EB /* ErrorAuth.swift in Sources */,
				C2B8ECB52DF2FD6000DB6444 /* AuthService.swift in Sources */,
				C2C7467C2DE99A3700A73D17 /* ViewController.swift in Sources */,
				C22191292E00566800A73A11 /* SettingViewModel.swift in Sources */,
				C235FE9E2DF1D4A300C73A5E /* AuthViewController.swift in Sources */,
				C2C746782DE99A3700A73D17 /* AppDelegate.swift in Sources */,
				C22191262E002A5800A73A11 /* SettingView.swift in Sources */,
				C2C7467A2DE99A3700A73D17 /* SceneDelegate.swift in Sources */,
				C20C16052DFC356100B3E40F /* GeneralTaskViewController.swift in Sources */,
				C235FEA52DF1E18E00C73A5E /* WindowCase.swift in Sources */,
				C20C16002DFC260A00B3E40F /* AuthViewModel.swift in Sources */,
				C2B8ECAF2DF2F6A400DB6444 /* MyTaskViewController.swift in Sources */,
				C235FEA22DF1D4F700C73A5E /* AuthView.swift in Sources */,
				C2FA12152E0306D9001F0709 /* PasswordMatch.swift in Sources */,
				C2C746902DE9A01700A73D17 /* RegistrView.swift in Sources */,
			);
			runOnlyForDeploymentPostprocessing = 0;
		};
/* End PBXSourcesBuildPhase section */

/* Begin PBXVariantGroup section */
		C2C746822DE99A3A00A73D17 /* LaunchScreen.storyboard */ = {
			isa = PBXVariantGroup;
			children = (
				C2C746832DE99A3A00A73D17 /* Base */,
			);
			name = LaunchScreen.storyboard;
			sourceTree = "<group>";
		};
/* End PBXVariantGroup section */

/* Begin XCBuildConfiguration section */
		C2C746862DE99A3A00A73D17 /* Debug */ = {
			isa = XCBuildConfiguration;
			buildSettings = {
				ALWAYS_SEARCH_USER_PATHS = NO;
				ASSETCATALOG_COMPILER_GENERATE_SWIFT_ASSET_SYMBOL_EXTENSIONS = YES;
				CLANG_ANALYZER_NONNULL = YES;
				CLANG_ANALYZER_NUMBER_OBJECT_CONVERSION = YES_AGGRESSIVE;
				CLANG_CXX_LANGUAGE_STANDARD = "gnu++20";
				CLANG_ENABLE_MODULES = YES;
				CLANG_ENABLE_OBJC_ARC = YES;
				CLANG_ENABLE_OBJC_WEAK = YES;
				CLANG_WARN_BLOCK_CAPTURE_AUTORELEASING = YES;
				CLANG_WARN_BOOL_CONVERSION = YES;
				CLANG_WARN_COMMA = YES;
				CLANG_WARN_CONSTANT_CONVERSION = YES;
				CLANG_WARN_DEPRECATED_OBJC_IMPLEMENTATIONS = YES;
				CLANG_WARN_DIRECT_OBJC_ISA_USAGE = YES_ERROR;
				CLANG_WARN_DOCUMENTATION_COMMENTS = YES;
				CLANG_WARN_EMPTY_BODY = YES;
				CLANG_WARN_ENUM_CONVERSION = YES;
				CLANG_WARN_INFINITE_RECURSION = YES;
				CLANG_WARN_INT_CONVERSION = YES;
				CLANG_WARN_NON_LITERAL_NULL_CONVERSION = YES;
				CLANG_WARN_OBJC_IMPLICIT_RETAIN_SELF = YES;
				CLANG_WARN_OBJC_LITERAL_CONVERSION = YES;
				CLANG_WARN_OBJC_ROOT_CLASS = YES_ERROR;
				CLANG_WARN_QUOTED_INCLUDE_IN_FRAMEWORK_HEADER = YES;
				CLANG_WARN_RANGE_LOOP_ANALYSIS = YES;
				CLANG_WARN_STRICT_PROTOTYPES = YES;
				CLANG_WARN_SUSPICIOUS_MOVE = YES;
				CLANG_WARN_UNGUARDED_AVAILABILITY = YES_AGGRESSIVE;
				CLANG_WARN_UNREACHABLE_CODE = YES;
				CLANG_WARN__DUPLICATE_METHOD_MATCH = YES;
				COPY_PHASE_STRIP = NO;
				DEBUG_INFORMATION_FORMAT = dwarf;
				ENABLE_STRICT_OBJC_MSGSEND = YES;
				ENABLE_TESTABILITY = YES;
				ENABLE_USER_SCRIPT_SANDBOXING = YES;
				GCC_C_LANGUAGE_STANDARD = gnu17;
				GCC_DYNAMIC_NO_PIC = NO;
				GCC_NO_COMMON_BLOCKS = YES;
				GCC_OPTIMIZATION_LEVEL = 0;
				GCC_PREPROCESSOR_DEFINITIONS = (
					"DEBUG=1",
					"$(inherited)",
				);
				GCC_WARN_64_TO_32_BIT_CONVERSION = YES;
				GCC_WARN_ABOUT_RETURN_TYPE = YES_ERROR;
				GCC_WARN_UNDECLARED_SELECTOR = YES;
				GCC_WARN_UNINITIALIZED_AUTOS = YES_AGGRESSIVE;
				GCC_WARN_UNUSED_FUNCTION = YES;
				GCC_WARN_UNUSED_VARIABLE = YES;
				IPHONEOS_DEPLOYMENT_TARGET = 17.0;
				LOCALIZATION_PREFERS_STRING_CATALOGS = YES;
				MTL_ENABLE_DEBUG_INFO = INCLUDE_SOURCE;
				MTL_FAST_MATH = YES;
				ONLY_ACTIVE_ARCH = YES;
				SDKROOT = iphoneos;
				SWIFT_ACTIVE_COMPILATION_CONDITIONS = "DEBUG $(inherited)";
				SWIFT_OPTIMIZATION_LEVEL = "-Onone";
			};
			name = Debug;
		};
		C2C746872DE99A3A00A73D17 /* Release */ = {
			isa = XCBuildConfiguration;
			buildSettings = {
				ALWAYS_SEARCH_USER_PATHS = NO;
				ASSETCATALOG_COMPILER_GENERATE_SWIFT_ASSET_SYMBOL_EXTENSIONS = YES;
				CLANG_ANALYZER_NONNULL = YES;
				CLANG_ANALYZER_NUMBER_OBJECT_CONVERSION = YES_AGGRESSIVE;
				CLANG_CXX_LANGUAGE_STANDARD = "gnu++20";
				CLANG_ENABLE_MODULES = YES;
				CLANG_ENABLE_OBJC_ARC = YES;
				CLANG_ENABLE_OBJC_WEAK = YES;
				CLANG_WARN_BLOCK_CAPTURE_AUTORELEASING = YES;
				CLANG_WARN_BOOL_CONVERSION = YES;
				CLANG_WARN_COMMA = YES;
				CLANG_WARN_CONSTANT_CONVERSION = YES;
				CLANG_WARN_DEPRECATED_OBJC_IMPLEMENTATIONS = YES;
				CLANG_WARN_DIRECT_OBJC_ISA_USAGE = YES_ERROR;
				CLANG_WARN_DOCUMENTATION_COMMENTS = YES;
				CLANG_WARN_EMPTY_BODY = YES;
				CLANG_WARN_ENUM_CONVERSION = YES;
				CLANG_WARN_INFINITE_RECURSION = YES;
				CLANG_WARN_INT_CONVERSION = YES;
				CLANG_WARN_NON_LITERAL_NULL_CONVERSION = YES;
				CLANG_WARN_OBJC_IMPLICIT_RETAIN_SELF = YES;
				CLANG_WARN_OBJC_LITERAL_CONVERSION = YES;
				CLANG_WARN_OBJC_ROOT_CLASS = YES_ERROR;
				CLANG_WARN_QUOTED_INCLUDE_IN_FRAMEWORK_HEADER = YES;
				CLANG_WARN_RANGE_LOOP_ANALYSIS = YES;
				CLANG_WARN_STRICT_PROTOTYPES = YES;
				CLANG_WARN_SUSPICIOUS_MOVE = YES;
				CLANG_WARN_UNGUARDED_AVAILABILITY = YES_AGGRESSIVE;
				CLANG_WARN_UNREACHABLE_CODE = YES;
				CLANG_WARN__DUPLICATE_METHOD_MATCH = YES;
				COPY_PHASE_STRIP = NO;
				DEBUG_INFORMATION_FORMAT = "dwarf-with-dsym";
				ENABLE_NS_ASSERTIONS = NO;
				ENABLE_STRICT_OBJC_MSGSEND = YES;
				ENABLE_USER_SCRIPT_SANDBOXING = YES;
				GCC_C_LANGUAGE_STANDARD = gnu17;
				GCC_NO_COMMON_BLOCKS = YES;
				GCC_WARN_64_TO_32_BIT_CONVERSION = YES;
				GCC_WARN_ABOUT_RETURN_TYPE = YES_ERROR;
				GCC_WARN_UNDECLARED_SELECTOR = YES;
				GCC_WARN_UNINITIALIZED_AUTOS = YES_AGGRESSIVE;
				GCC_WARN_UNUSED_FUNCTION = YES;
				GCC_WARN_UNUSED_VARIABLE = YES;
				IPHONEOS_DEPLOYMENT_TARGET = 17.0;
				LOCALIZATION_PREFERS_STRING_CATALOGS = YES;
				MTL_ENABLE_DEBUG_INFO = NO;
				MTL_FAST_MATH = YES;
				SDKROOT = iphoneos;
				SWIFT_COMPILATION_MODE = wholemodule;
				VALIDATE_PRODUCT = YES;
			};
			name = Release;
		};
		C2C746892DE99A3A00A73D17 /* Debug */ = {
			isa = XCBuildConfiguration;
			baseConfigurationReference = 1991FA387A7E0B583221A2AD /* Pods-Diary.debug.xcconfig */;
			buildSettings = {
				ASSETCATALOG_COMPILER_APPICON_NAME = AppIcon;
				ASSETCATALOG_COMPILER_GLOBAL_ACCENT_COLOR_NAME = AccentColor;
				CODE_SIGN_STYLE = Automatic;
				CURRENT_PROJECT_VERSION = 1;
				DEVELOPMENT_TEAM = 6QJHMJC74R;
				ENABLE_USER_SCRIPT_SANDBOXING = NO;
				GENERATE_INFOPLIST_FILE = YES;
				INFOPLIST_FILE = Diary/Info.plist;
				INFOPLIST_KEY_UIApplicationSupportsIndirectInputEvents = YES;
				INFOPLIST_KEY_UILaunchStoryboardName = LaunchScreen;
				INFOPLIST_KEY_UISupportedInterfaceOrientations_iPad = "UIInterfaceOrientationPortrait UIInterfaceOrientationPortraitUpsideDown UIInterfaceOrientationLandscapeLeft UIInterfaceOrientationLandscapeRight";
				INFOPLIST_KEY_UISupportedInterfaceOrientations_iPhone = "UIInterfaceOrientationPortrait UIInterfaceOrientationLandscapeLeft UIInterfaceOrientationLandscapeRight";
				LD_RUNPATH_SEARCH_PATHS = (
					"$(inherited)",
					"@executable_path/Frameworks",
				);
				MARKETING_VERSION = 1.0;
				PRODUCT_BUNDLE_IDENTIFIER = Skillbox.Diary;
				PRODUCT_NAME = "$(TARGET_NAME)";
				SWIFT_EMIT_LOC_STRINGS = YES;
				SWIFT_VERSION = 5.0;
				TARGETED_DEVICE_FAMILY = "1,2";
			};
			name = Debug;
		};
		C2C7468A2DE99A3A00A73D17 /* Release */ = {
			isa = XCBuildConfiguration;
			baseConfigurationReference = 502639E6109A62E712C87424 /* Pods-Diary.release.xcconfig */;
			buildSettings = {
				ASSETCATALOG_COMPILER_APPICON_NAME = AppIcon;
				ASSETCATALOG_COMPILER_GLOBAL_ACCENT_COLOR_NAME = AccentColor;
				CODE_SIGN_STYLE = Automatic;
				CURRENT_PROJECT_VERSION = 1;
				DEVELOPMENT_TEAM = 6QJHMJC74R;
				ENABLE_USER_SCRIPT_SANDBOXING = NO;
				GENERATE_INFOPLIST_FILE = YES;
				INFOPLIST_FILE = Diary/Info.plist;
				INFOPLIST_KEY_UIApplicationSupportsIndirectInputEvents = YES;
				INFOPLIST_KEY_UILaunchStoryboardName = LaunchScreen;
				INFOPLIST_KEY_UISupportedInterfaceOrientations_iPad = "UIInterfaceOrientationPortrait UIInterfaceOrientationPortraitUpsideDown UIInterfaceOrientationLandscapeLeft UIInterfaceOrientationLandscapeRight";
				INFOPLIST_KEY_UISupportedInterfaceOrientations_iPhone = "UIInterfaceOrientationPortrait UIInterfaceOrientationLandscapeLeft UIInterfaceOrientationLandscapeRight";
				LD_RUNPATH_SEARCH_PATHS = (
					"$(inherited)",
					"@executable_path/Frameworks",
				);
				MARKETING_VERSION = 1.0;
				PRODUCT_BUNDLE_IDENTIFIER = Skillbox.Diary;
				PRODUCT_NAME = "$(TARGET_NAME)";
				SWIFT_EMIT_LOC_STRINGS = YES;
				SWIFT_VERSION = 5.0;
				TARGETED_DEVICE_FAMILY = "1,2";
			};
			name = Release;
		};
/* End XCBuildConfiguration section */

/* Begin XCConfigurationList section */
		C2C7466F2DE99A3700A73D17 /* Build configuration list for PBXProject "Diary" */ = {
			isa = XCConfigurationList;
			buildConfigurations = (
				C2C746862DE99A3A00A73D17 /* Debug */,
				C2C746872DE99A3A00A73D17 /* Release */,
			);
			defaultConfigurationIsVisible = 0;
			defaultConfigurationName = Release;
		};
		C2C746882DE99A3A00A73D17 /* Build configuration list for PBXNativeTarget "Diary" */ = {
			isa = XCConfigurationList;
			buildConfigurations = (
				C2C746892DE99A3A00A73D17 /* Debug */,
				C2C7468A2DE99A3A00A73D17 /* Release */,
			);
			defaultConfigurationIsVisible = 0;
			defaultConfigurationName = Release;
		};
/* End XCConfigurationList section */

/* Begin XCRemoteSwiftPackageReference section */
		C20C15E92DFC10CE00B3E40F /* XCRemoteSwiftPackageReference "firebase-ios-sdk" */ = {
			isa = XCRemoteSwiftPackageReference;
			repositoryURL = "https://github.com/firebase/firebase-ios-sdk";
			requirement = {
				kind = upToNextMajorVersion;
				minimumVersion = 10.17.0;
			};
		};
/* End XCRemoteSwiftPackageReference section */

/* Begin XCSwiftPackageProductDependency section */
		C20C15EA2DFC10CE00B3E40F /* FirebaseAnalytics */ = {
			isa = XCSwiftPackageProductDependency;
			package = C20C15E92DFC10CE00B3E40F /* XCRemoteSwiftPackageReference "firebase-ios-sdk" */;
			productName = FirebaseAnalytics;
		};
		C20C15EC2DFC10CE00B3E40F /* FirebaseAnalyticsOnDeviceConversion */ = {
			isa = XCSwiftPackageProductDependency;
			package = C20C15E92DFC10CE00B3E40F /* XCRemoteSwiftPackageReference "firebase-ios-sdk" */;
			productName = FirebaseAnalyticsOnDeviceConversion;
		};
		C20C15EE2DFC10CE00B3E40F /* FirebaseAnalyticsSwift */ = {
			isa = XCSwiftPackageProductDependency;
			package = C20C15E92DFC10CE00B3E40F /* XCRemoteSwiftPackageReference "firebase-ios-sdk" */;
			productName = FirebaseAnalyticsSwift;
		};
		C20C15F02DFC10CE00B3E40F /* FirebaseAnalyticsWithoutAdIdSupport */ = {
			isa = XCSwiftPackageProductDependency;
			package = C20C15E92DFC10CE00B3E40F /* XCRemoteSwiftPackageReference "firebase-ios-sdk" */;
			productName = FirebaseAnalyticsWithoutAdIdSupport;
		};
		C20C15F22DFC10CE00B3E40F /* FirebaseAppCheck */ = {
			isa = XCSwiftPackageProductDependency;
			package = C20C15E92DFC10CE00B3E40F /* XCRemoteSwiftPackageReference "firebase-ios-sdk" */;
			productName = FirebaseAppCheck;
		};
		C20C15F42DFC115900B3E40F /* FirebaseAuth */ = {
			isa = XCSwiftPackageProductDependency;
			package = C20C15E92DFC10CE00B3E40F /* XCRemoteSwiftPackageReference "firebase-ios-sdk" */;
			productName = FirebaseAuth;
		};
		C20C15F62DFC115900B3E40F /* FirebaseDatabase */ = {
			isa = XCSwiftPackageProductDependency;
			package = C20C15E92DFC10CE00B3E40F /* XCRemoteSwiftPackageReference "firebase-ios-sdk" */;
			productName = FirebaseDatabase;
		};
		C20C15F82DFC115900B3E40F /* FirebaseFirestore */ = {
			isa = XCSwiftPackageProductDependency;
			package = C20C15E92DFC10CE00B3E40F /* XCRemoteSwiftPackageReference "firebase-ios-sdk" */;
			productName = FirebaseFirestore;
		};
		C20C15FA2DFC115900B3E40F /* FirebaseStorage */ = {
			isa = XCSwiftPackageProductDependency;
			package = C20C15E92DFC10CE00B3E40F /* XCRemoteSwiftPackageReference "firebase-ios-sdk" */;
			productName = FirebaseStorage;
		};
/* End XCSwiftPackageProductDependency section */
	};
	rootObject = C2C7466C2DE99A3700A73D17 /* Project object */;
}
